
Microsoft Visual Studio Solution File, Format Version 12.00
# Visual Studio Version 17
VisualStudioVersion = 17.11.35222.181
MinimumVisualStudioVersion = 10.0.40219.1
Project("{9A19103F-16F7-4668-BE54-9A1E7A4F7556}") = "Memstache.Distributed", "Memstache.Distributed\Memstache.Distributed.csproj", "{6DA8C6E2-4153-4FCD-933B-7691B549DE98}"
EndProject
Project("{9A19103F-16F7-4668-BE54-9A1E7A4F7556}") = "Memstache.Distributed.Tests", "Memstache.Distributed.Tests\Memstache.Distributed.Tests.csproj", "{8BDC6769-9B38-48AC-93E7-2B01D810FAE6}"
EndProject
Global
	GlobalSection(SolutionConfigurationPlatforms) = preSolution
		Debug|Any CPU = Debug|Any CPU
		Release|Any CPU = Release|Any CPU
	EndGlobalSection
	GlobalSection(ProjectConfigurationPlatforms) = postSolution
		{6DA8C6E2-4153-4FCD-933B-7691B549DE98}.Debug|Any CPU.ActiveCfg = Debug|Any CPU
		{6DA8C6E2-4153-4FCD-933B-7691B549DE98}.Debug|Any CPU.Build.0 = Debug|Any CPU
		{6DA8C6E2-4153-4FCD-933B-7691B549DE98}.Release|Any CPU.ActiveCfg = Release|Any CPU
		{6DA8C6E2-4153-4FCD-933B-7691B549DE98}.Release|Any CPU.Build.0 = Release|Any CPU
		{8BDC6769-9B38-48AC-93E7-2B01D810FAE6}.Debug|Any CPU.ActiveCfg = Debug|Any CPU
		{8BDC6769-9B38-48AC-93E7-2B01D810FAE6}.Debug|Any CPU.Build.0 = Debug|Any CPU
		{8BDC6769-9B38-48AC-93E7-2B01D810FAE6}.Release|Any CPU.ActiveCfg = Release|Any CPU
		{8BDC6769-9B38-48AC-93E7-2B01D810FAE6}.Release|Any CPU.Build.0 = Release|Any CPU
	EndGlobalSection
	GlobalSection(SolutionProperties) = preSolution
		HideSolutionNode = FALSE
	EndGlobalSection
	GlobalSection(ExtensibilityGlobals) = postSolution
		SolutionGuid = {76AE26D1-2AC9-4B5F-9035-B943F20E5B2B}
	EndGlobalSection
EndGlobal
